// !$*UTF8*$!
{
	archiveVersion = 1;
	classes = {
	};
	objectVersion = 48;
	objects = {

/* Begin PBXBuildFile section */
		84AE1795218B0AD4002D23F0 /* AppDelegate.swift in Sources */ = {isa = PBXBuildFile; fileRef = 84AE1794218B0AD4002D23F0 /* AppDelegate.swift */; };
		84AE1797218B0AD4002D23F0 /* ViewController.swift in Sources */ = {isa = PBXBuildFile; fileRef = 84AE1796218B0AD4002D23F0 /* ViewController.swift */; };
		84AE179A218B0AD4002D23F0 /* Main.storyboard in Resources */ = {isa = PBXBuildFile; fileRef = 84AE1798218B0AD4002D23F0 /* Main.storyboard */; };
		84AE179D218B0AD5002D23F0 /* saveData.xcdatamodeld in Sources */ = {isa = PBXBuildFile; fileRef = 84AE179B218B0AD5002D23F0 /* saveData.xcdatamodeld */; };
		84AE179F218B0AD5002D23F0 /* Assets.xcassets in Resources */ = {isa = PBXBuildFile; fileRef = 84AE179E218B0AD5002D23F0 /* Assets.xcassets */; };
		84AE17A2218B0AD5002D23F0 /* LaunchScreen.storyboard in Resources */ = {isa = PBXBuildFile; fileRef = 84AE17A0218B0AD5002D23F0 /* LaunchScreen.storyboard */; };
/* End PBXBuildFile section */

/* Begin PBXFileReference section */
		84AE1791218B0AD3002D23F0 /* saveData.app */ = {isa = PBXFileReference; explicitFileType = wrapper.application; includeInIndex = 0; path = saveData.app; sourceTree = BUILT_PRODUCTS_DIR; };
		84AE1794218B0AD4002D23F0 /* AppDelegate.swift */ = {isa = PBXFileReference; lastKnownFileType = sourcecode.swift; path = AppDelegate.swift; sourceTree = "<group>"; };
		84AE1796218B0AD4002D23F0 /* ViewController.swift */ = {isa = PBXFileReference; lastKnownFileType = sourcecode.swift; path = ViewController.swift; sourceTree = "<group>"; };
		84AE1799218B0AD4002D23F0 /* Base */ = {isa = PBXFileReference; lastKnownFileType = file.storyboard; name = Base; path = Base.lproj/Main.storyboard; sourceTree = "<group>"; };
		84AE179C218B0AD5002D23F0 /* saveData.xcdatamodel */ = {isa = PBXFileReference; lastKnownFileType = wrapper.xcdatamodel; path = saveData.xcdatamodel; sourceTree = "<group>"; };
		84AE179E218B0AD5002D23F0 /* Assets.xcassets */ = {isa = PBXFileReference; lastKnownFileType = folder.assetcatalog; path = Assets.xcassets; sourceTree = "<group>"; };
		84AE17A1218B0AD5002D23F0 /* Base */ = {isa = PBXFileReference; lastKnownFileType = file.storyboard; name = Base; path = Base.lproj/LaunchScreen.storyboard; sourceTree = "<group>"; };
		84AE17A3218B0AD5002D23F0 /* Info.plist */ = {isa = PBXFileReference; lastKnownFileType = text.plist.xml; path = Info.plist; sourceTree = "<group>"; };
/* End PBXFileReference section */

/* Begin PBXFrameworksBuildPhase section */
		84AE178E218B0AD3002D23F0 /* Frameworks */ = {
			isa = PBXFrameworksBuildPhase;
			buildActionMask = 2147483647;
			files = (
			);
			runOnlyForDeploymentPostprocessing = 0;
		};
/* End PBXFrameworksBuildPhase section */

/* Begin PBXGroup section */
		84AE1788218B0AD3002D23F0 = {
			isa = PBXGroup;
			children = (
				84AE1793218B0AD3002D23F0 /* saveData */,
				84AE1792218B0AD3002D23F0 /* Products */,
			);
			sourceTree = "<group>";
		};
		84AE1792218B0AD3002D23F0 /* Products */ = {
			isa = PBXGroup;
			children = (
				84AE1791218B0AD3002D23F0 /* saveData.app */,
			);
			name = Products;
			sourceTree = "<group>";
		};
		84AE1793218B0AD3002D23F0 /* saveData */ = {
			isa = PBXGroup;
			children = (
				84AE1794218B0AD4002D23F0 /* AppDelegate.swift */,
				84AE1796218B0AD4002D23F0 /* ViewController.swift */,
				84AE1798218B0AD4002D23F0 /* Main.storyboard */,
				84AE179E218B0AD5002D23F0 /* Assets.xcassets */,
				84AE17A0218B0AD5002D23F0 /* LaunchScreen.storyboard */,
				84AE17A3218B0AD5002D23F0 /* Info.plist */,
				84AE179B218B0AD5002D23F0 /* saveData.xcdatamodeld */,
			);
			path = saveData;
			sourceTree = "<group>";
		};
/* End PBXGroup section */

/* Begin PBXNativeTarget section */
		84AE1790218B0AD3002D23F0 /* saveData */ = {
			isa = PBXNativeTarget;
			buildConfigurationList = 84AE17A6218B0AD5002D23F0 /* Build configuration list for PBXNativeTarget "saveData" */;
			buildPhases = (
				84AE178D218B0AD3002D23F0 /* Sources */,
				84AE178E218B0AD3002D23F0 /* Frameworks */,
				84AE178F218B0AD3002D23F0 /* Resources */,
			);
			buildRules = (
			);
			dependencies = (
			);
			name = saveData;
			productName = saveData;
			productReference = 84AE1791218B0AD3002D23F0 /* saveData.app */;
			productType = "com.apple.product-type.application";
		};
/* End PBXNativeTarget section */

/* Begin PBXProject section */
		84AE1789218B0AD3002D23F0 /* Project object */ = {
			isa = PBXProject;
			attributes = {
				LastSwiftUpdateCheck = 0920;
				LastUpgradeCheck = 0920;
				ORGANIZATIONNAME = Admin;
				TargetAttributes = {
					84AE1790218B0AD3002D23F0 = {
						CreatedOnToolsVersion = 9.2;
						ProvisioningStyle = Automatic;
					};
				};
			};
			buildConfigurationList = 84AE178C218B0AD3002D23F0 /* Build configuration list for PBXProject "saveData" */;
			compatibilityVersion = "Xcode 8.0";
			developmentRegion = en;
			hasScannedForEncodings = 0;
			knownRegions = (
				en,
				Base,
			);
			mainGroup = 84AE1788218B0AD3002D23F0;
			productRefGroup = 84AE1792218B0AD3002D23F0 /* Products */;
			projectDirPath = "";
			projectRoot = "";
			targets = (
				84AE1790218B0AD3002D23F0 /* saveData */,
			);
		};
/* End PBXProject section */

/* Begin PBXResourcesBuildPhase section */
		84AE178F218B0AD3002D23F0 /* Resources */ = {
			isa = PBXResourcesBuildPhase;
			buildActionMask = 2147483647;
			files = (
				84AE17A2218B0AD5002D23F0 /* LaunchScreen.storyboard in Resources */,
				84AE179F218B0AD5002D23F0 /* Assets.xcassets in Resources */,
				84AE179A218B0AD4002D23F0 /* Main.storyboard in Resources */,
			);
			runOnlyForDeploymentPostprocessing = 0;
		};
/* End PBXResourcesBuildPhase section */

/* Begin PBXSourcesBuildPhase section */
		84AE178D218B0AD3002D23F0 /* Sources */ = {
			isa = PBXSourcesBuildPhase;
			buildActionMask = 2147483647;
			files = (
				84AE179D218B0AD5002D23F0 /* saveData.xcdatamodeld in Sources */,
				84AE1797218B0AD4002D23F0 /* ViewController.swift in Sources */,
				84AE1795218B0AD4002D23F0 /* AppDelegate.swift in Sources */,
			);
			runOnlyForDeploymentPostprocessing = 0;
		};
/* End PBXSourcesBuildPhase section */

/* Begin PBXVariantGroup section */
		84AE1798218B0AD4002D23F0 /* Main.storyboard */ = {
			isa = PBXVariantGroup;
			children = (
				84AE1799218B0AD4002D23F0 /* Base */,
			);
			name = Main.storyboard;
			sourceTree = "<group>";
		};
		84AE17A0218B0AD5002D23F0 /* LaunchScreen.storyboard */ = {
			isa = PBXVariantGroup;
			children = (
				84AE17A1218B0AD5002D23F0 /* Base */,
			);
			name = LaunchScreen.storyboard;
			sourceTree = "<group>";
		};
/* End PBXVariantGroup section */

/* Begin XCBuildConfiguration section */
		84AE17A4218B0AD5002D23F0 /* Debug */ = {
			isa = XCBuildConfiguration;
			buildSettings = {
				ALWAYS_SEARCH_USER_PATHS = NO;
				CLANG_ANALYZER_NONNULL = YES;
				CLANG_ANALYZER_NUMBER_OBJECT_CONVERSION = YES_AGGRESSIVE;
				CLANG_CXX_LANGUAGE_STANDARD = "gnu++14";
				CLANG_CXX_LIBRARY = "libc++";
				CLANG_ENABLE_MODULES = YES;
				CLANG_ENABLE_OBJC_ARC = YES;
				CLANG_WARN_BLOCK_CAPTURE_AUTORELEASING = YES;
				CLANG_WARN_BOOL_CONVERSION = YES;
				CLANG_WARN_COMMA = YES;
				CLANG_WARN_CONSTANT_CONVERSION = YES;
				CLANG_WARN_DIRECT_OBJC_ISA_USAGE = YES_ERROR;
				CLANG_WARN_DOCUMENTATION_COMMENTS = YES;
				CLANG_WARN_EMPTY_BODY = YES;
				CLANG_WARN_ENUM_CONVERSION = YES;
				CLANG_WARN_INFINITE_RECURSION = YES;
				CLANG_WARN_INT_CONVERSION = YES;
				CLANG_WARN_NON_LITERAL_NULL_CONVERSION = YES;
				CLANG_WARN_OBJC_LITERAL_CONVERSION = YES;
				CLANG_WARN_OBJC_ROOT_CLASS = YES_ERROR;
				CLANG_WARN_RANGE_LOOP_ANALYSIS = YES;
				CLANG_WARN_STRICT_PROTOTYPES = YES;
				CLANG_WARN_SUSPICIOUS_MOVE = YES;
				CLANG_WARN_UNGUARDED_AVAILABILITY = YES_AGGRESSIVE;
				CLANG_WARN_UNREACHABLE_CODE = YES;
				CLANG_WARN__DUPLICATE_METHOD_MATCH = YES;
				CODE_SIGN_IDENTITY = "iPhone Developer";
				COPY_PHASE_STRIP = NO;
				DEBUG_INFORMATION_FORMAT = dwarf;
				ENABLE_STRICT_OBJC_MSGSEND = YES;
				ENABLE_TESTABILITY = YES;
				GCC_C_LANGUAGE_STANDARD = gnu11;
				GCC_DYNAMIC_NO_PIC = NO;
				GCC_NO_COMMON_BLOCKS = YES;
				GCC_OPTIMIZATION_LEVEL = 0;
				GCC_PREPROCESSOR_DEFINITIONS = (
					"DEBUG=1",
					"$(inherited)",
				);
				GCC_WARN_64_TO_32_BIT_CONVERSION = YES;
				GCC_WARN_ABOUT_RETURN_TYPE = YES_ERROR;
				GCC_WARN_UNDECLARED_SELECTOR = YES;
				GCC_WARN_UNINITIALIZED_AUTOS = YES_AGGRESSIVE;
				GCC_WARN_UNUSED_FUNCTION = YES;
				GCC_WARN_UNUSED_VARIABLE = YES;
				IPHONEOS_DEPLOYMENT_TARGET = 11.2;
				MTL_ENABLE_DEBUG_INFO = YES;
				ONLY_ACTIVE_ARCH = YES;
				SDKROOT = iphoneos;
				SWIFT_ACTIVE_COMPILATION_CONDITIONS = DEBUG;
				SWIFT_OPTIMIZATION_LEVEL = "-Onone";
			};
			name = Debug;
		};
		84AE17A5218B0AD5002D23F0 /* Release */ = {
			isa = XCBuildConfiguration;
			buildSettings = {
				ALWAYS_SEARCH_USER_PATHS = NO;
				CLANG_ANALYZER_NONNULL = YES;
				CLANG_ANALYZER_NUMBER_OBJECT_CONVERSION = YES_AGGRESSIVE;
				CLANG_CXX_LANGUAGE_STANDARD = "gnu++14";
				CLANG_CXX_LIBRARY = "libc++";
				CLANG_ENABLE_MODULES = YES;
				CLANG_ENABLE_OBJC_ARC = YES;
				CLANG_WARN_BLOCK_CAPTURE_AUTORELEASING = YES;
				CLANG_WARN_BOOL_CONVERSION = YES;
				CLANG_WARN_COMMA = YES;
				CLANG_WARN_CONSTANT_CONVERSION = YES;
				CLANG_WARN_DIRECT_OBJC_ISA_USAGE = YES_ERROR;
				CLANG_WARN_DOCUMENTATION_COMMENTS = YES;
				CLANG_WARN_EMPTY_BODY = YES;
				CLANG_WARN_ENUM_CONVERSION = YES;
				CLANG_WARN_INFINITE_RECURSION = YES;
				CLANG_WARN_INT_CONVERSION = YES;
				CLANG_WARN_NON_LITERAL_NULL_CONVERSION = YES;
				CLANG_WARN_OBJC_LITERAL_CONVERSION = YES;
				CLANG_WARN_OBJC_ROOT_CLASS = YES_ERROR;
				CLANG_WARN_RANGE_LOOP_ANALYSIS = YES;
				CLANG_WARN_STRICT_PROTOTYPES = YES;
				CLANG_WARN_SUSPICIOUS_MOVE = YES;
				CLANG_WARN_UNGUARDED_AVAILABILITY = YES_AGGRESSIVE;
				CLANG_WARN_UNREACHABLE_CODE = YES;
				CLANG_WARN__DUPLICATE_METHOD_MATCH = YES;
				CODE_SIGN_IDENTITY = "iPhone Developer";
				COPY_PHASE_STRIP = NO;
				DEBUG_INFORMATION_FORMAT = "dwarf-with-dsym";
				ENABLE_NS_ASSERTIONS = NO;
				ENABLE_STRICT_OBJC_MSGSEND = YES;
				GCC_C_LANGUAGE_STANDARD = gnu11;
				GCC_NO_COMMON_BLOCKS = YES;
				GCC_WARN_64_TO_32_BIT_CONVERSION = YES;
				GCC_WARN_ABOUT_RETURN_TYPE = YES_ERROR;
				GCC_WARN_UNDECLARED_SELECTOR = YES;
				GCC_WARN_UNINITIALIZED_AUTOS = YES_AGGRESSIVE;
				GCC_WARN_UNUSED_FUNCTION = YES;
				GCC_WARN_UNUSED_VARIABLE = YES;
				IPHONEOS_DEPLOYMENT_TARGET = 11.2;
				MTL_ENABLE_DEBUG_INFO = NO;
				SDKROOT = iphoneos;
				SWIFT_OPTIMIZATION_LEVEL = "-Owholemodule";
				VALIDATE_PRODUCT = YES;
			};
			name = Release;
		};
		84AE17A7218B0AD5002D23F0 /* Debug */ = {
			isa = XCBuildConfiguration;
			buildSettings = {
				ASSETCATALOG_COMPILER_APPICON_NAME = AppIcon;
				CODE_SIGN_STYLE = Automatic;
				INFOPLIST_FILE = saveData/Info.plist;
				LD_RUNPATH_SEARCH_PATHS = "$(inherited) @executable_path/Frameworks";
				PRODUCT_BUNDLE_IDENTIFIER = vs.saveData;
				PRODUCT_NAME = "$(TARGET_NAME)";
				SWIFT_VERSION = 4.0;
				TARGETED_DEVICE_FAMILY = "1,2";
			};
			name = Debug;
		};
		84AE17A8218B0AD5002D23F0 /* Release */ = {
			isa = XCBuildConfiguration;
			buildSettings = {
				ASSETCATALOG_COMPILER_APPICON_NAME = AppIcon;
				CODE_SIGN_STYLE = Automatic;
				INFOPLIST_FILE = saveData/Info.plist;
				LD_RUNPATH_SEARCH_PATHS = "$(inherited) @executable_path/Frameworks";
				PRODUCT_BUNDLE_IDENTIFIER = vs.saveData;
				PRODUCT_NAME = "$(TARGET_NAME)";
				SWIFT_VERSION = 4.0;
				TARGETED_DEVICE_FAMILY = "1,2";
			};
			name = Release;
		};
/* End XCBuildConfiguration section */

/* Begin XCConfigurationList section */
		84AE178C218B0AD3002D23F0 /* Build configuration list for PBXProject "saveData" */ = {
			isa = XCConfigurationList;
			buildConfigurations = (
				84AE17A4218B0AD5002D23F0 /* Debug */,
				84AE17A5218B0AD5002D23F0 /* Release */,
			);
			defaultConfigurationIsVisible = 0;
			defaultConfigurationName = Release;
		};
		84AE17A6218B0AD5002D23F0 /* Build configuration list for PBXNativeTarget "saveData" */ = {
			isa = XCConfigurationList;
			buildConfigurations = (
				84AE17A7218B0AD5002D23F0 /* Debug */,
				84AE17A8218B0AD5002D23F0 /* Release */,
			);
			defaultConfigurationIsVisible = 0;
			defaultConfigurationName = Release;
		};
/* End XCConfigurationList section */

/* Begin XCVersionGroup section */
		84AE179B218B0AD5002D23F0 /* saveData.xcdatamodeld */ = {
			isa = XCVersionGroup;
			children = (
				84AE179C218B0AD5002D23F0 /* saveData.xcdatamodel */,
			);
			currentVersion = 84AE179C218B0AD5002D23F0 /* saveData.xcdatamodel */;
			path = saveData.xcdatamodeld;
			sourceTree = "<group>";
			versionGroupType = wrapper.xcdatamodel;
		};
/* End XCVersionGroup section */
	};
	rootObject = 84AE1789218B0AD3002D23F0 /* Project object */;
}
